// !$*UTF8*$!
{
	archiveVersion = 1;
	classes = {
	};
	objectVersion = 56;
	objects = {

/* Begin PBXBuildFile section */
		F72A8FE22AF9336100AEEC43 /* AppDelegate.swift in Sources */ = {isa = PBXBuildFile; fileRef = F72A8FE12AF9336100AEEC43 /* AppDelegate.swift */; };
		F72A8FE42AF9336100AEEC43 /* SceneDelegate.swift in Sources */ = {isa = PBXBuildFile; fileRef = F72A8FE32AF9336100AEEC43 /* SceneDelegate.swift */; };
		F72A8FE92AF9336100AEEC43 /* Main.storyboard in Resources */ = {isa = PBXBuildFile; fileRef = F72A8FE72AF9336100AEEC43 /* Main.storyboard */; };
		F72A8FEB2AF9336200AEEC43 /* Assets.xcassets in Resources */ = {isa = PBXBuildFile; fileRef = F72A8FEA2AF9336200AEEC43 /* Assets.xcassets */; };
		F72A8FEE2AF9336200AEEC43 /* LaunchScreen.storyboard in Resources */ = {isa = PBXBuildFile; fileRef = F72A8FEC2AF9336200AEEC43 /* LaunchScreen.storyboard */; };
		F72A8FF82AF93C2900AEEC43 /* CategoryTableViewController.swift in Sources */ = {isa = PBXBuildFile; fileRef = F72A8FF72AF93C2900AEEC43 /* CategoryTableViewController.swift */; };
		F72A8FFA2AF93C3400AEEC43 /* MenuTableViewController.swift in Sources */ = {isa = PBXBuildFile; fileRef = F72A8FF92AF93C3400AEEC43 /* MenuTableViewController.swift */; };
		F72A8FFC2AF93C4300AEEC43 /* OrderTableViewController.swift in Sources */ = {isa = PBXBuildFile; fileRef = F72A8FFB2AF93C4300AEEC43 /* OrderTableViewController.swift */; };
		F72A8FFE2AF93E2400AEEC43 /* MenuItemDetailViewController.swift in Sources */ = {isa = PBXBuildFile; fileRef = F72A8FFD2AF93E2400AEEC43 /* MenuItemDetailViewController.swift */; };
		F72A90002AF93E8300AEEC43 /* MenuItem.swift in Sources */ = {isa = PBXBuildFile; fileRef = F72A8FFF2AF93E8300AEEC43 /* MenuItem.swift */; };
		F72A90022AF93FC400AEEC43 /* ResponseModel.swift in Sources */ = {isa = PBXBuildFile; fileRef = F72A90012AF93FC400AEEC43 /* ResponseModel.swift */; };
		F72A90042AF940E400AEEC43 /* Order.swift in Sources */ = {isa = PBXBuildFile; fileRef = F72A90032AF940E400AEEC43 /* Order.swift */; };
		F72A90062AF9419D00AEEC43 /* MenuController.swift in Sources */ = {isa = PBXBuildFile; fileRef = F72A90052AF9419D00AEEC43 /* MenuController.swift */; };
		F78F6BC92AFAA4FB00F97CFE /* OrderConfirmationViewController.swift in Sources */ = {isa = PBXBuildFile; fileRef = F78F6BC82AFAA4FB00F97CFE /* OrderConfirmationViewController.swift */; };
		F78F6BCB2AFBE6CF00F97CFE /* MenuItemCell.swift in Sources */ = {isa = PBXBuildFile; fileRef = F78F6BCA2AFBE6CF00F97CFE /* MenuItemCell.swift */; };
/* End PBXBuildFile section */

/* Begin PBXFileReference section */
		F72A8FDE2AF9336100AEEC43 /* OrderApp.app */ = {isa = PBXFileReference; explicitFileType = wrapper.application; includeInIndex = 0; path = OrderApp.app; sourceTree = BUILT_PRODUCTS_DIR; };
		F72A8FE12AF9336100AEEC43 /* AppDelegate.swift */ = {isa = PBXFileReference; lastKnownFileType = sourcecode.swift; path = AppDelegate.swift; sourceTree = "<group>"; };
		F72A8FE32AF9336100AEEC43 /* SceneDelegate.swift */ = {isa = PBXFileReference; lastKnownFileType = sourcecode.swift; path = SceneDelegate.swift; sourceTree = "<group>"; };
		F72A8FE82AF9336100AEEC43 /* Base */ = {isa = PBXFileReference; lastKnownFileType = file.storyboard; name = Base; path = Base.lproj/Main.storyboard; sourceTree = "<group>"; };
		F72A8FEA2AF9336200AEEC43 /* Assets.xcassets */ = {isa = PBXFileReference; lastKnownFileType = folder.assetcatalog; path = Assets.xcassets; sourceTree = "<group>"; };
		F72A8FED2AF9336200AEEC43 /* Base */ = {isa = PBXFileReference; lastKnownFileType = file.storyboard; name = Base; path = Base.lproj/LaunchScreen.storyboard; sourceTree = "<group>"; };
		F72A8FEF2AF9336200AEEC43 /* Info.plist */ = {isa = PBXFileReference; lastKnownFileType = text.plist.xml; path = Info.plist; sourceTree = "<group>"; };
		F72A8FF72AF93C2900AEEC43 /* CategoryTableViewController.swift */ = {isa = PBXFileReference; lastKnownFileType = sourcecode.swift; path = CategoryTableViewController.swift; sourceTree = "<group>"; };
		F72A8FF92AF93C3400AEEC43 /* MenuTableViewController.swift */ = {isa = PBXFileReference; lastKnownFileType = sourcecode.swift; path = MenuTableViewController.swift; sourceTree = "<group>"; };
		F72A8FFB2AF93C4300AEEC43 /* OrderTableViewController.swift */ = {isa = PBXFileReference; lastKnownFileType = sourcecode.swift; path = OrderTableViewController.swift; sourceTree = "<group>"; };
		F72A8FFD2AF93E2400AEEC43 /* MenuItemDetailViewController.swift */ = {isa = PBXFileReference; lastKnownFileType = sourcecode.swift; path = MenuItemDetailViewController.swift; sourceTree = "<group>"; };
		F72A8FFF2AF93E8300AEEC43 /* MenuItem.swift */ = {isa = PBXFileReference; lastKnownFileType = sourcecode.swift; path = MenuItem.swift; sourceTree = "<group>"; };
		F72A90012AF93FC400AEEC43 /* ResponseModel.swift */ = {isa = PBXFileReference; lastKnownFileType = sourcecode.swift; path = ResponseModel.swift; sourceTree = "<group>"; };
		F72A90032AF940E400AEEC43 /* Order.swift */ = {isa = PBXFileReference; lastKnownFileType = sourcecode.swift; path = Order.swift; sourceTree = "<group>"; };
		F72A90052AF9419D00AEEC43 /* MenuController.swift */ = {isa = PBXFileReference; lastKnownFileType = sourcecode.swift; path = MenuController.swift; sourceTree = "<group>"; };
		F78F6BC82AFAA4FB00F97CFE /* OrderConfirmationViewController.swift */ = {isa = PBXFileReference; lastKnownFileType = sourcecode.swift; path = OrderConfirmationViewController.swift; sourceTree = "<group>"; };
		F78F6BCA2AFBE6CF00F97CFE /* MenuItemCell.swift */ = {isa = PBXFileReference; lastKnownFileType = sourcecode.swift; path = MenuItemCell.swift; sourceTree = "<group>"; };
/* End PBXFileReference section */

/* Begin PBXFrameworksBuildPhase section */
		F72A8FDB2AF9336100AEEC43 /* Frameworks */ = {
			isa = PBXFrameworksBuildPhase;
			buildActionMask = 2147483647;
			files = (
			);
			runOnlyForDeploymentPostprocessing = 0;
		};
/* End PBXFrameworksBuildPhase section */

/* Begin PBXGroup section */
		F72A8FD52AF9336100AEEC43 = {
			isa = PBXGroup;
			children = (
				F72A8FE02AF9336100AEEC43 /* OrderApp */,
				F72A8FDF2AF9336100AEEC43 /* Products */,
			);
			sourceTree = "<group>";
		};
		F72A8FDF2AF9336100AEEC43 /* Products */ = {
			isa = PBXGroup;
			children = (
				F72A8FDE2AF9336100AEEC43 /* OrderApp.app */,
			);
			name = Products;
			sourceTree = "<group>";
		};
		F72A8FE02AF9336100AEEC43 /* OrderApp */ = {
			isa = PBXGroup;
			children = (
				F72A8FE12AF9336100AEEC43 /* AppDelegate.swift */,
				F72A8FE32AF9336100AEEC43 /* SceneDelegate.swift */,
				F72A8FFB2AF93C4300AEEC43 /* OrderTableViewController.swift */,
				F72A8FF72AF93C2900AEEC43 /* CategoryTableViewController.swift */,
				F72A8FF92AF93C3400AEEC43 /* MenuTableViewController.swift */,
				F72A8FFD2AF93E2400AEEC43 /* MenuItemDetailViewController.swift */,
				F78F6BC82AFAA4FB00F97CFE /* OrderConfirmationViewController.swift */,
				F78F6BCA2AFBE6CF00F97CFE /* MenuItemCell.swift */,
				F72A8FFF2AF93E8300AEEC43 /* MenuItem.swift */,
				F72A90012AF93FC400AEEC43 /* ResponseModel.swift */,
				F72A90032AF940E400AEEC43 /* Order.swift */,
				F72A90052AF9419D00AEEC43 /* MenuController.swift */,
				F72A8FE72AF9336100AEEC43 /* Main.storyboard */,
				F72A8FEA2AF9336200AEEC43 /* Assets.xcassets */,
				F72A8FEC2AF9336200AEEC43 /* LaunchScreen.storyboard */,
				F72A8FEF2AF9336200AEEC43 /* Info.plist */,
			);
			path = OrderApp;
			sourceTree = "<group>";
		};
/* End PBXGroup section */

/* Begin PBXNativeTarget section */
		F72A8FDD2AF9336100AEEC43 /* OrderApp */ = {
			isa = PBXNativeTarget;
			buildConfigurationList = F72A8FF22AF9336200AEEC43 /* Build configuration list for PBXNativeTarget "OrderApp" */;
			buildPhases = (
				F72A8FDA2AF9336100AEEC43 /* Sources */,
				F72A8FDB2AF9336100AEEC43 /* Frameworks */,
				F72A8FDC2AF9336100AEEC43 /* Resources */,
			);
			buildRules = (
			);
			dependencies = (
			);
			name = OrderApp;
			productName = OrderApp;
			productReference = F72A8FDE2AF9336100AEEC43 /* OrderApp.app */;
			productType = "com.apple.product-type.application";
		};
/* End PBXNativeTarget section */

/* Begin PBXProject section */
		F72A8FD62AF9336100AEEC43 /* Project object */ = {
			isa = PBXProject;
			attributes = {
				BuildIndependentTargetsInParallel = 1;
				LastSwiftUpdateCheck = 1430;
				LastUpgradeCheck = 1430;
				TargetAttributes = {
					F72A8FDD2AF9336100AEEC43 = {
						CreatedOnToolsVersion = 14.3.1;
					};
				};
			};
			buildConfigurationList = F72A8FD92AF9336100AEEC43 /* Build configuration list for PBXProject "OrderApp" */;
			compatibilityVersion = "Xcode 14.0";
			developmentRegion = en;
			hasScannedForEncodings = 0;
			knownRegions = (
				en,
				Base,
			);
			mainGroup = F72A8FD52AF9336100AEEC43;
			productRefGroup = F72A8FDF2AF9336100AEEC43 /* Products */;
			projectDirPath = "";
			projectRoot = "";
			targets = (
				F72A8FDD2AF9336100AEEC43 /* OrderApp */,
			);
		};
/* End PBXProject section */

/* Begin PBXResourcesBuildPhase section */
		F72A8FDC2AF9336100AEEC43 /* Resources */ = {
			isa = PBXResourcesBuildPhase;
			buildActionMask = 2147483647;
			files = (
				F72A8FEE2AF9336200AEEC43 /* LaunchScreen.storyboard in Resources */,
				F72A8FEB2AF9336200AEEC43 /* Assets.xcassets in Resources */,
				F72A8FE92AF9336100AEEC43 /* Main.storyboard in Resources */,
			);
			runOnlyForDeploymentPostprocessing = 0;
		};
/* End PBXResourcesBuildPhase section */

/* Begin PBXSourcesBuildPhase section */
		F72A8FDA2AF9336100AEEC43 /* Sources */ = {
			isa = PBXSourcesBuildPhase;
			buildActionMask = 2147483647;
			files = (
				F72A90062AF9419D00AEEC43 /* MenuController.swift in Sources */,
				F72A90002AF93E8300AEEC43 /* MenuItem.swift in Sources */,
				F72A8FFA2AF93C3400AEEC43 /* MenuTableViewController.swift in Sources */,
				F72A8FFE2AF93E2400AEEC43 /* MenuItemDetailViewController.swift in Sources */,
				F72A90042AF940E400AEEC43 /* Order.swift in Sources */,
				F72A8FFC2AF93C4300AEEC43 /* OrderTableViewController.swift in Sources */,
				F72A8FE22AF9336100AEEC43 /* AppDelegate.swift in Sources */,
				F72A8FE42AF9336100AEEC43 /* SceneDelegate.swift in Sources */,
				F72A90022AF93FC400AEEC43 /* ResponseModel.swift in Sources */,
				F78F6BCB2AFBE6CF00F97CFE /* MenuItemCell.swift in Sources */,
				F78F6BC92AFAA4FB00F97CFE /* OrderConfirmationViewController.swift in Sources */,
				F72A8FF82AF93C2900AEEC43 /* CategoryTableViewController.swift in Sources */,
			);
			runOnlyForDeploymentPostprocessing = 0;
		};
/* End PBXSourcesBuildPhase section */

/* Begin PBXVariantGroup section */
		F72A8FE72AF9336100AEEC43 /* Main.storyboard */ = {
			isa = PBXVariantGroup;
			children = (
				F72A8FE82AF9336100AEEC43 /* Base */,
			);
			name = Main.storyboard;
			sourceTree = "<group>";
		};
		F72A8FEC2AF9336200AEEC43 /* LaunchScreen.storyboard */ = {
			isa = PBXVariantGroup;
			children = (
				F72A8FED2AF9336200AEEC43 /* Base */,
			);
			name = LaunchScreen.storyboard;
			sourceTree = "<group>";
		};
/* End PBXVariantGroup section */

/* Begin XCBuildConfiguration section */
		F72A8FF02AF9336200AEEC43 /* Debug */ = {
			isa = XCBuildConfiguration;
			buildSettings = {
				ALWAYS_SEARCH_USER_PATHS = NO;
				CLANG_ANALYZER_NONNULL = YES;
				CLANG_ANALYZER_NUMBER_OBJECT_CONVERSION = YES_AGGRESSIVE;
				CLANG_CXX_LANGUAGE_STANDARD = "gnu++20";
				CLANG_ENABLE_MODULES = YES;
				CLANG_ENABLE_OBJC_ARC = YES;
				CLANG_ENABLE_OBJC_WEAK = YES;
				CLANG_WARN_BLOCK_CAPTURE_AUTORELEASING = YES;
				CLANG_WARN_BOOL_CONVERSION = YES;
				CLANG_WARN_COMMA = YES;
				CLANG_WARN_CONSTANT_CONVERSION = YES;
				CLANG_WARN_DEPRECATED_OBJC_IMPLEMENTATIONS = YES;
				CLANG_WARN_DIRECT_OBJC_ISA_USAGE = YES_ERROR;
				CLANG_WARN_DOCUMENTATION_COMMENTS = YES;
				CLANG_WARN_EMPTY_BODY = YES;
				CLANG_WARN_ENUM_CONVERSION = YES;
				CLANG_WARN_INFINITE_RECURSION = YES;
				CLANG_WARN_INT_CONVERSION = YES;
				CLANG_WARN_NON_LITERAL_NULL_CONVERSION = YES;
				CLANG_WARN_OBJC_IMPLICIT_RETAIN_SELF = YES;
				CLANG_WARN_OBJC_LITERAL_CONVERSION = YES;
				CLANG_WARN_OBJC_ROOT_CLASS = YES_ERROR;
				CLANG_WARN_QUOTED_INCLUDE_IN_FRAMEWORK_HEADER = YES;
				CLANG_WARN_RANGE_LOOP_ANALYSIS = YES;
				CLANG_WARN_STRICT_PROTOTYPES = YES;
				CLANG_WARN_SUSPICIOUS_MOVE = YES;
				CLANG_WARN_UNGUARDED_AVAILABILITY = YES_AGGRESSIVE;
				CLANG_WARN_UNREACHABLE_CODE = YES;
				CLANG_WARN__DUPLICATE_METHOD_MATCH = YES;
				COPY_PHASE_STRIP = NO;
				DEBUG_INFORMATION_FORMAT = dwarf;
				ENABLE_STRICT_OBJC_MSGSEND = YES;
				ENABLE_TESTABILITY = YES;
				GCC_C_LANGUAGE_STANDARD = gnu11;
				GCC_DYNAMIC_NO_PIC = NO;
				GCC_NO_COMMON_BLOCKS = YES;
				GCC_OPTIMIZATION_LEVEL = 0;
				GCC_PREPROCESSOR_DEFINITIONS = (
					"DEBUG=1",
					"$(inherited)",
				);
				GCC_WARN_64_TO_32_BIT_CONVERSION = YES;
				GCC_WARN_ABOUT_RETURN_TYPE = YES_ERROR;
				GCC_WARN_UNDECLARED_SELECTOR = YES;
				GCC_WARN_UNINITIALIZED_AUTOS = YES_AGGRESSIVE;
				GCC_WARN_UNUSED_FUNCTION = YES;
				GCC_WARN_UNUSED_VARIABLE = YES;
				IPHONEOS_DEPLOYMENT_TARGET = 16.4;
				MTL_ENABLE_DEBUG_INFO = INCLUDE_SOURCE;
				MTL_FAST_MATH = YES;
				ONLY_ACTIVE_ARCH = YES;
				SDKROOT = iphoneos;
				SWIFT_ACTIVE_COMPILATION_CONDITIONS = DEBUG;
				SWIFT_OPTIMIZATION_LEVEL = "-Onone";
			};
			name = Debug;
		};
		F72A8FF12AF9336200AEEC43 /* Release */ = {
			isa = XCBuildConfiguration;
			buildSettings = {
				ALWAYS_SEARCH_USER_PATHS = NO;
				CLANG_ANALYZER_NONNULL = YES;
				CLANG_ANALYZER_NUMBER_OBJECT_CONVERSION = YES_AGGRESSIVE;
				CLANG_CXX_LANGUAGE_STANDARD = "gnu++20";
				CLANG_ENABLE_MODULES = YES;
				CLANG_ENABLE_OBJC_ARC = YES;
				CLANG_ENABLE_OBJC_WEAK = YES;
				CLANG_WARN_BLOCK_CAPTURE_AUTORELEASING = YES;
				CLANG_WARN_BOOL_CONVERSION = YES;
				CLANG_WARN_COMMA = YES;
				CLANG_WARN_CONSTANT_CONVERSION = YES;
				CLANG_WARN_DEPRECATED_OBJC_IMPLEMENTATIONS = YES;
				CLANG_WARN_DIRECT_OBJC_ISA_USAGE = YES_ERROR;
				CLANG_WARN_DOCUMENTATION_COMMENTS = YES;
				CLANG_WARN_EMPTY_BODY = YES;
				CLANG_WARN_ENUM_CONVERSION = YES;
				CLANG_WARN_INFINITE_RECURSION = YES;
				CLANG_WARN_INT_CONVERSION = YES;
				CLANG_WARN_NON_LITERAL_NULL_CONVERSION = YES;
				CLANG_WARN_OBJC_IMPLICIT_RETAIN_SELF = YES;
				CLANG_WARN_OBJC_LITERAL_CONVERSION = YES;
				CLANG_WARN_OBJC_ROOT_CLASS = YES_ERROR;
				CLANG_WARN_QUOTED_INCLUDE_IN_FRAMEWORK_HEADER = YES;
				CLANG_WARN_RANGE_LOOP_ANALYSIS = YES;
				CLANG_WARN_STRICT_PROTOTYPES = YES;
				CLANG_WARN_SUSPICIOUS_MOVE = YES;
				CLANG_WARN_UNGUARDED_AVAILABILITY = YES_AGGRESSIVE;
				CLANG_WARN_UNREACHABLE_CODE = YES;
				CLANG_WARN__DUPLICATE_METHOD_MATCH = YES;
				COPY_PHASE_STRIP = NO;
				DEBUG_INFORMATION_FORMAT = "dwarf-with-dsym";
				ENABLE_NS_ASSERTIONS = NO;
				ENABLE_STRICT_OBJC_MSGSEND = YES;
				GCC_C_LANGUAGE_STANDARD = gnu11;
				GCC_NO_COMMON_BLOCKS = YES;
				GCC_WARN_64_TO_32_BIT_CONVERSION = YES;
				GCC_WARN_ABOUT_RETURN_TYPE = YES_ERROR;
				GCC_WARN_UNDECLARED_SELECTOR = YES;
				GCC_WARN_UNINITIALIZED_AUTOS = YES_AGGRESSIVE;
				GCC_WARN_UNUSED_FUNCTION = YES;
				GCC_WARN_UNUSED_VARIABLE = YES;
				IPHONEOS_DEPLOYMENT_TARGET = 16.4;
				MTL_ENABLE_DEBUG_INFO = NO;
				MTL_FAST_MATH = YES;
				SDKROOT = iphoneos;
				SWIFT_COMPILATION_MODE = wholemodule;
				SWIFT_OPTIMIZATION_LEVEL = "-O";
				VALIDATE_PRODUCT = YES;
			};
			name = Release;
		};
		F72A8FF32AF9336200AEEC43 /* Debug */ = {
			isa = XCBuildConfiguration;
			buildSettings = {
				ASSETCATALOG_COMPILER_APPICON_NAME = AppIcon;
				ASSETCATALOG_COMPILER_GLOBAL_ACCENT_COLOR_NAME = AccentColor;
				CODE_SIGN_STYLE = Automatic;
				CURRENT_PROJECT_VERSION = 1;
				DEVELOPMENT_TEAM = SPGY2XLS42;
				GENERATE_INFOPLIST_FILE = YES;
				INFOPLIST_FILE = OrderApp/Info.plist;
				INFOPLIST_KEY_UIApplicationSupportsIndirectInputEvents = YES;
				INFOPLIST_KEY_UILaunchStoryboardName = LaunchScreen;
				INFOPLIST_KEY_UIMainStoryboardFile = Main;
				INFOPLIST_KEY_UISupportedInterfaceOrientations_iPad = "UIInterfaceOrientationPortrait UIInterfaceOrientationPortraitUpsideDown UIInterfaceOrientationLandscapeLeft UIInterfaceOrientationLandscapeRight";
				INFOPLIST_KEY_UISupportedInterfaceOrientations_iPhone = "UIInterfaceOrientationPortrait UIInterfaceOrientationLandscapeLeft UIInterfaceOrientationLandscapeRight";
				LD_RUNPATH_SEARCH_PATHS = (
					"$(inherited)",
					"@executable_path/Frameworks",
				);
				MARKETING_VERSION = 1.0;
				PRODUCT_BUNDLE_IDENTIFIER = Practice.OrderApp;
				PRODUCT_NAME = "$(TARGET_NAME)";
				SWIFT_EMIT_LOC_STRINGS = YES;
				SWIFT_VERSION = 5.0;
				TARGETED_DEVICE_FAMILY = "1,2";
			};
			name = Debug;
		};
		F72A8FF42AF9336200AEEC43 /* Release */ = {
			isa = XCBuildConfiguration;
			buildSettings = {
				ASSETCATALOG_COMPILER_APPICON_NAME = AppIcon;
				ASSETCATALOG_COMPILER_GLOBAL_ACCENT_COLOR_NAME = AccentColor;
				CODE_SIGN_STYLE = Automatic;
				CURRENT_PROJECT_VERSION = 1;
				DEVELOPMENT_TEAM = SPGY2XLS42;
				GENERATE_INFOPLIST_FILE = YES;
				INFOPLIST_FILE = OrderApp/Info.plist;
				INFOPLIST_KEY_UIApplicationSupportsIndirectInputEvents = YES;
				INFOPLIST_KEY_UILaunchStoryboardName = LaunchScreen;
				INFOPLIST_KEY_UIMainStoryboardFile = Main;
				INFOPLIST_KEY_UISupportedInterfaceOrientations_iPad = "UIInterfaceOrientationPortrait UIInterfaceOrientationPortraitUpsideDown UIInterfaceOrientationLandscapeLeft UIInterfaceOrientationLandscapeRight";
				INFOPLIST_KEY_UISupportedInterfaceOrientations_iPhone = "UIInterfaceOrientationPortrait UIInterfaceOrientationLandscapeLeft UIInterfaceOrientationLandscapeRight";
				LD_RUNPATH_SEARCH_PATHS = (
					"$(inherited)",
					"@executable_path/Frameworks",
				);
				MARKETING_VERSION = 1.0;
				PRODUCT_BUNDLE_IDENTIFIER = Practice.OrderApp;
				PRODUCT_NAME = "$(TARGET_NAME)";
				SWIFT_EMIT_LOC_STRINGS = YES;
				SWIFT_VERSION = 5.0;
				TARGETED_DEVICE_FAMILY = "1,2";
			};
			name = Release;
		};
/* End XCBuildConfiguration section */

/* Begin XCConfigurationList section */
		F72A8FD92AF9336100AEEC43 /* Build configuration list for PBXProject "OrderApp" */ = {
			isa = XCConfigurationList;
			buildConfigurations = (
				F72A8FF02AF9336200AEEC43 /* Debug */,
				F72A8FF12AF9336200AEEC43 /* Release */,
			);
			defaultConfigurationIsVisible = 0;
			defaultConfigurationName = Release;
		};
		F72A8FF22AF9336200AEEC43 /* Build configuration list for PBXNativeTarget "OrderApp" */ = {
			isa = XCConfigurationList;
			buildConfigurations = (
				F72A8FF32AF9336200AEEC43 /* Debug */,
				F72A8FF42AF9336200AEEC43 /* Release */,
			);
			defaultConfigurationIsVisible = 0;
			defaultConfigurationName = Release;
		};
/* End XCConfigurationList section */
	};
	rootObject = F72A8FD62AF9336100AEEC43 /* Project object */;
}
